# THIS IS AN AUTOGENERATED FILE. DO NOT EDIT THIS FILE DIRECTLY.
# yarn lockfile v1


fflate@^0.4.8:
  version "0.4.8"
  resolved "https://registry.yarnpkg.com/fflate/-/fflate-0.4.8.tgz#f90b82aefbd8ac174213abb338bd7ef848f0f5ae"
  integrity sha512-FJqqoDBR00Mdj9ppamLa/Y7vxm+PRmNWA67N846RvsoYVMKB4q3y/de5PA7gUmRMYK/8CMz2GDZQmCRN1wBcWA==

posthog-js@^1.116.6:
  version "1.116.6"
  resolved "https://registry.yarnpkg.com/posthog-js/-/posthog-js-1.116.6.tgz#9a5c9f49230a76642f4c44d93b96710f886c2880"
  integrity sha512-rvt8HxzJD4c2B/xsUa4jle8ApdqljeBI2Qqjp4XJMohQf18DXRyM6b96H5/UMs8jxYuZG14Er0h/kEIWeU6Fmw==
  dependencies:
    fflate "^0.4.8"
    preact "^10.19.3"

preact@^10.19.3:
  version "10.20.1"
  resolved "https://registry.yarnpkg.com/preact/-/preact-10.20.1.tgz#1bc598ab630d8612978f7533da45809a8298542b"
  integrity sha512-JIFjgFg9B2qnOoGiYMVBtrcFxHqn+dNXbq76bVmcaHYJFYR4lW67AOcXgAYQQTDYXDOg/kTZrKPNCdRgJ2UJmw==
